// !$*UTF8*$!
{
	archiveVersion = 1;
	classes = {
	};
	objectVersion = 50;
	objects = {

/* Begin PBXBuildFile section */
		C00D2FD522385A1200E72A56 /* AppDelegate.swift in Sources */ = {isa = PBXBuildFile; fileRef = C00D2FD422385A1200E72A56 /* AppDelegate.swift */; };
		C00D2FD722385A1200E72A56 /* ViewController.swift in Sources */ = {isa = PBXBuildFile; fileRef = C00D2FD622385A1200E72A56 /* ViewController.swift */; };
		C00D2FDA22385A1200E72A56 /* Main.storyboard in Resources */ = {isa = PBXBuildFile; fileRef = C00D2FD822385A1200E72A56 /* Main.storyboard */; };
		C00D2FDC22385A1600E72A56 /* Assets.xcassets in Resources */ = {isa = PBXBuildFile; fileRef = C00D2FDB22385A1600E72A56 /* Assets.xcassets */; };
		C00D2FDF22385A1600E72A56 /* LaunchScreen.storyboard in Resources */ = {isa = PBXBuildFile; fileRef = C00D2FDD22385A1600E72A56 /* LaunchScreen.storyboard */; };
		C00D2FEE2238610100E72A56 /* ViewController+TableView.swift in Sources */ = {isa = PBXBuildFile; fileRef = C00D2FED2238610100E72A56 /* ViewController+TableView.swift */; };
		C00D2FF12238652D00E72A56 /* DescriptionTableViewCell.swift in Sources */ = {isa = PBXBuildFile; fileRef = C00D2FF02238652D00E72A56 /* DescriptionTableViewCell.swift */; };
		C036BC67223AB1B0003B9B8E /* DefaultHeaderView.swift in Sources */ = {isa = PBXBuildFile; fileRef = C036BC66223AB1B0003B9B8E /* DefaultHeaderView.swift */; };
		C036BC69223AE598003B9B8E /* Card.swift in Sources */ = {isa = PBXBuildFile; fileRef = C036BC68223AE598003B9B8E /* Card.swift */; };
		C036BC6B223AEACC003B9B8E /* CardService.swift in Sources */ = {isa = PBXBuildFile; fileRef = C036BC6A223AEACC003B9B8E /* CardService.swift */; };
		C0434FD6223960520017EF77 /* CuztomTableViewCell.swift in Sources */ = {isa = PBXBuildFile; fileRef = C0434FD5223960520017EF77 /* CuztomTableViewCell.swift */; };
		C0434FD8223979150017EF77 /* ViewController+CollectionView.swift in Sources */ = {isa = PBXBuildFile; fileRef = C0434FD7223979150017EF77 /* ViewController+CollectionView.swift */; };
		C0434FDC22398E1E0017EF77 /* ImageCollectionViewCell.swift in Sources */ = {isa = PBXBuildFile; fileRef = C0434FDB22398E1E0017EF77 /* ImageCollectionViewCell.swift */; };
		C0C454F12239BD5100671B8A /* ExpandableHeaderView.swift in Sources */ = {isa = PBXBuildFile; fileRef = C0C454F02239BD5100671B8A /* ExpandableHeaderView.swift */; };
		C0C454F72239D08E00671B8A /* Extensions.swift in Sources */ = {isa = PBXBuildFile; fileRef = C0C454F62239D08E00671B8A /* Extensions.swift */; };
/* End PBXBuildFile section */

/* Begin PBXFileReference section */
		C00D2FD122385A1200E72A56 /* NeoAutoDetail.app */ = {isa = PBXFileReference; explicitFileType = wrapper.application; includeInIndex = 0; path = NeoAutoDetail.app; sourceTree = BUILT_PRODUCTS_DIR; };
		C00D2FD422385A1200E72A56 /* AppDelegate.swift */ = {isa = PBXFileReference; lastKnownFileType = sourcecode.swift; path = AppDelegate.swift; sourceTree = "<group>"; };
		C00D2FD622385A1200E72A56 /* ViewController.swift */ = {isa = PBXFileReference; lastKnownFileType = sourcecode.swift; path = ViewController.swift; sourceTree = "<group>"; };
		C00D2FD922385A1200E72A56 /* Base */ = {isa = PBXFileReference; lastKnownFileType = file.storyboard; name = Base; path = Base.lproj/Main.storyboard; sourceTree = "<group>"; };
		C00D2FDB22385A1600E72A56 /* Assets.xcassets */ = {isa = PBXFileReference; lastKnownFileType = folder.assetcatalog; path = Assets.xcassets; sourceTree = "<group>"; };
		C00D2FDE22385A1600E72A56 /* Base */ = {isa = PBXFileReference; lastKnownFileType = file.storyboard; name = Base; path = Base.lproj/LaunchScreen.storyboard; sourceTree = "<group>"; };
		C00D2FE022385A1600E72A56 /* Info.plist */ = {isa = PBXFileReference; lastKnownFileType = text.plist.xml; path = Info.plist; sourceTree = "<group>"; };
		C00D2FED2238610100E72A56 /* ViewController+TableView.swift */ = {isa = PBXFileReference; lastKnownFileType = sourcecode.swift; path = "ViewController+TableView.swift"; sourceTree = "<group>"; };
		C00D2FF02238652D00E72A56 /* DescriptionTableViewCell.swift */ = {isa = PBXFileReference; lastKnownFileType = sourcecode.swift; path = DescriptionTableViewCell.swift; sourceTree = "<group>"; };
		C036BC66223AB1B0003B9B8E /* DefaultHeaderView.swift */ = {isa = PBXFileReference; lastKnownFileType = sourcecode.swift; path = DefaultHeaderView.swift; sourceTree = "<group>"; };
		C036BC68223AE598003B9B8E /* Card.swift */ = {isa = PBXFileReference; lastKnownFileType = sourcecode.swift; path = Card.swift; sourceTree = "<group>"; };
		C036BC6A223AEACC003B9B8E /* CardService.swift */ = {isa = PBXFileReference; lastKnownFileType = sourcecode.swift; path = CardService.swift; sourceTree = "<group>"; };
		C0434FD5223960520017EF77 /* CuztomTableViewCell.swift */ = {isa = PBXFileReference; lastKnownFileType = sourcecode.swift; path = CuztomTableViewCell.swift; sourceTree = "<group>"; };
		C0434FD7223979150017EF77 /* ViewController+CollectionView.swift */ = {isa = PBXFileReference; lastKnownFileType = sourcecode.swift; path = "ViewController+CollectionView.swift"; sourceTree = "<group>"; };
		C0434FDB22398E1E0017EF77 /* ImageCollectionViewCell.swift */ = {isa = PBXFileReference; lastKnownFileType = sourcecode.swift; path = ImageCollectionViewCell.swift; sourceTree = "<group>"; };
		C0C454F02239BD5100671B8A /* ExpandableHeaderView.swift */ = {isa = PBXFileReference; lastKnownFileType = sourcecode.swift; name = ExpandableHeaderView.swift; path = NeoAutoDetail/View/Collapse/ExpandableHeaderView.swift; sourceTree = SOURCE_ROOT; };
		C0C454F62239D08E00671B8A /* Extensions.swift */ = {isa = PBXFileReference; lastKnownFileType = sourcecode.swift; path = Extensions.swift; sourceTree = "<group>"; };
/* End PBXFileReference section */

/* Begin PBXFrameworksBuildPhase section */
		C00D2FCE22385A1200E72A56 /* Frameworks */ = {
			isa = PBXFrameworksBuildPhase;
			buildActionMask = 2147483647;
			files = (
			);
			runOnlyForDeploymentPostprocessing = 0;
		};
/* End PBXFrameworksBuildPhase section */

/* Begin PBXGroup section */
		C00D2FC822385A1200E72A56 = {
			isa = PBXGroup;
			children = (
				C00D2FD322385A1200E72A56 /* NeoAutoDetail */,
				C00D2FD222385A1200E72A56 /* Products */,
			);
			sourceTree = "<group>";
		};
		C00D2FD222385A1200E72A56 /* Products */ = {
			isa = PBXGroup;
			children = (
				C00D2FD122385A1200E72A56 /* NeoAutoDetail.app */,
			);
			name = Products;
			sourceTree = "<group>";
		};
		C00D2FD322385A1200E72A56 /* NeoAutoDetail */ = {
			isa = PBXGroup;
			children = (
				C00D2FEF2238650800E72A56 /* View */,
				C00D2FEC223860A900E72A56 /* Detail */,
				C00D2FE622385EE300E72A56 /* ApolloService */,
				C00D2FD422385A1200E72A56 /* AppDelegate.swift */,
				C00D2FD822385A1200E72A56 /* Main.storyboard */,
				C00D2FDB22385A1600E72A56 /* Assets.xcassets */,
				C00D2FDD22385A1600E72A56 /* LaunchScreen.storyboard */,
				C00D2FE022385A1600E72A56 /* Info.plist */,
			);
			path = NeoAutoDetail;
			sourceTree = "<group>";
		};
		C00D2FE622385EE300E72A56 /* ApolloService */ = {
			isa = PBXGroup;
			children = (
				C036BC68223AE598003B9B8E /* Card.swift */,
				C036BC6A223AEACC003B9B8E /* CardService.swift */,
			);
			path = ApolloService;
			sourceTree = "<group>";
		};
		C00D2FEC223860A900E72A56 /* Detail */ = {
			isa = PBXGroup;
			children = (
				C00D2FD622385A1200E72A56 /* ViewController.swift */,
				C00D2FED2238610100E72A56 /* ViewController+TableView.swift */,
				C0434FD7223979150017EF77 /* ViewController+CollectionView.swift */,
			);
			path = Detail;
			sourceTree = "<group>";
		};
		C00D2FEF2238650800E72A56 /* View */ = {
			isa = PBXGroup;
			children = (
				C0C454ED2239B3BB00671B8A /* Collapse */,
				C00D2FF02238652D00E72A56 /* DescriptionTableViewCell.swift */,
				C0434FD5223960520017EF77 /* CuztomTableViewCell.swift */,
				C0434FDB22398E1E0017EF77 /* ImageCollectionViewCell.swift */,
			);
			path = View;
			sourceTree = "<group>";
		};
		C0C454ED2239B3BB00671B8A /* Collapse */ = {
			isa = PBXGroup;
			children = (
				C0C454F02239BD5100671B8A /* ExpandableHeaderView.swift */,
				C0C454F62239D08E00671B8A /* Extensions.swift */,
				C036BC66223AB1B0003B9B8E /* DefaultHeaderView.swift */,
			);
			path = Collapse;
			sourceTree = "<group>";
		};
/* End PBXGroup section */

/* Begin PBXNativeTarget section */
		C00D2FD022385A1200E72A56 /* NeoAutoDetail */ = {
			isa = PBXNativeTarget;
			buildConfigurationList = C00D2FE322385A1600E72A56 /* Build configuration list for PBXNativeTarget "NeoAutoDetail" */;
			buildPhases = (
				C00D2FCD22385A1200E72A56 /* Sources */,
				C00D2FCE22385A1200E72A56 /* Frameworks */,
				C00D2FCF22385A1200E72A56 /* Resources */,
			);
			buildRules = (
			);
			dependencies = (
			);
			name = NeoAutoDetail;
			productName = NeoAutoDetail;
			productReference = C00D2FD122385A1200E72A56 /* NeoAutoDetail.app */;
			productType = "com.apple.product-type.application";
		};
/* End PBXNativeTarget section */

/* Begin PBXProject section */
		C00D2FC922385A1200E72A56 /* Project object */ = {
			isa = PBXProject;
			attributes = {
				LastSwiftUpdateCheck = 1010;
				LastUpgradeCheck = 1010;
				ORGANIZATIONNAME = orbis;
				TargetAttributes = {
					C00D2FD022385A1200E72A56 = {
						CreatedOnToolsVersion = 10.1;
					};
				};
			};
			buildConfigurationList = C00D2FCC22385A1200E72A56 /* Build configuration list for PBXProject "NeoAutoDetail" */;
			compatibilityVersion = "Xcode 9.3";
			developmentRegion = en;
			hasScannedForEncodings = 0;
			knownRegions = (
				en,
				Base,
			);
			mainGroup = C00D2FC822385A1200E72A56;
			productRefGroup = C00D2FD222385A1200E72A56 /* Products */;
			projectDirPath = "";
			projectRoot = "";
			targets = (
				C00D2FD022385A1200E72A56 /* NeoAutoDetail */,
			);
		};
/* End PBXProject section */

/* Begin PBXResourcesBuildPhase section */
		C00D2FCF22385A1200E72A56 /* Resources */ = {
			isa = PBXResourcesBuildPhase;
			buildActionMask = 2147483647;
			files = (
				C00D2FDF22385A1600E72A56 /* LaunchScreen.storyboard in Resources */,
				C00D2FDC22385A1600E72A56 /* Assets.xcassets in Resources */,
				C00D2FDA22385A1200E72A56 /* Main.storyboard in Resources */,
			);
			runOnlyForDeploymentPostprocessing = 0;
		};
/* End PBXResourcesBuildPhase section */

/* Begin PBXSourcesBuildPhase section */
		C00D2FCD22385A1200E72A56 /* Sources */ = {
			isa = PBXSourcesBuildPhase;
			buildActionMask = 2147483647;
			files = (
				C036BC67223AB1B0003B9B8E /* DefaultHeaderView.swift in Sources */,
				C036BC6B223AEACC003B9B8E /* CardService.swift in Sources */,
				C0C454F12239BD5100671B8A /* ExpandableHeaderView.swift in Sources */,
				C036BC69223AE598003B9B8E /* Card.swift in Sources */,
				C0434FD6223960520017EF77 /* CuztomTableViewCell.swift in Sources */,
				C00D2FD722385A1200E72A56 /* ViewController.swift in Sources */,
				C0434FD8223979150017EF77 /* ViewController+CollectionView.swift in Sources */,
				C00D2FEE2238610100E72A56 /* ViewController+TableView.swift in Sources */,
				C0C454F72239D08E00671B8A /* Extensions.swift in Sources */,
				C0434FDC22398E1E0017EF77 /* ImageCollectionViewCell.swift in Sources */,
				C00D2FF12238652D00E72A56 /* DescriptionTableViewCell.swift in Sources */,
				C00D2FD522385A1200E72A56 /* AppDelegate.swift in Sources */,
			);
			runOnlyForDeploymentPostprocessing = 0;
		};
/* End PBXSourcesBuildPhase section */

/* Begin PBXVariantGroup section */
		C00D2FD822385A1200E72A56 /* Main.storyboard */ = {
			isa = PBXVariantGroup;
			children = (
				C00D2FD922385A1200E72A56 /* Base */,
			);
			name = Main.storyboard;
			sourceTree = "<group>";
		};
		C00D2FDD22385A1600E72A56 /* LaunchScreen.storyboard */ = {
			isa = PBXVariantGroup;
			children = (
				C00D2FDE22385A1600E72A56 /* Base */,
			);
			name = LaunchScreen.storyboard;
			sourceTree = "<group>";
		};
/* End PBXVariantGroup section */

/* Begin XCBuildConfiguration section */
		C00D2FE122385A1600E72A56 /* Debug */ = {
			isa = XCBuildConfiguration;
			buildSettings = {
				ALWAYS_SEARCH_USER_PATHS = NO;
				CLANG_ANALYZER_NONNULL = YES;
				CLANG_ANALYZER_NUMBER_OBJECT_CONVERSION = YES_AGGRESSIVE;
				CLANG_CXX_LANGUAGE_STANDARD = "gnu++14";
				CLANG_CXX_LIBRARY = "libc++";
				CLANG_ENABLE_MODULES = YES;
				CLANG_ENABLE_OBJC_ARC = YES;
				CLANG_ENABLE_OBJC_WEAK = YES;
				CLANG_WARN_BLOCK_CAPTURE_AUTORELEASING = YES;
				CLANG_WARN_BOOL_CONVERSION = YES;
				CLANG_WARN_COMMA = YES;
				CLANG_WARN_CONSTANT_CONVERSION = YES;
				CLANG_WARN_DEPRECATED_OBJC_IMPLEMENTATIONS = YES;
				CLANG_WARN_DIRECT_OBJC_ISA_USAGE = YES_ERROR;
				CLANG_WARN_DOCUMENTATION_COMMENTS = YES;
				CLANG_WARN_EMPTY_BODY = YES;
				CLANG_WARN_ENUM_CONVERSION = YES;
				CLANG_WARN_INFINITE_RECURSION = YES;
				CLANG_WARN_INT_CONVERSION = YES;
				CLANG_WARN_NON_LITERAL_NULL_CONVERSION = YES;
				CLANG_WARN_OBJC_IMPLICIT_RETAIN_SELF = YES;
				CLANG_WARN_OBJC_LITERAL_CONVERSION = YES;
				CLANG_WARN_OBJC_ROOT_CLASS = YES_ERROR;
				CLANG_WARN_RANGE_LOOP_ANALYSIS = YES;
				CLANG_WARN_STRICT_PROTOTYPES = YES;
				CLANG_WARN_SUSPICIOUS_MOVE = YES;
				CLANG_WARN_UNGUARDED_AVAILABILITY = YES_AGGRESSIVE;
				CLANG_WARN_UNREACHABLE_CODE = YES;
				CLANG_WARN__DUPLICATE_METHOD_MATCH = YES;
				CODE_SIGN_IDENTITY = "iPhone Developer";
				COPY_PHASE_STRIP = NO;
				DEBUG_INFORMATION_FORMAT = dwarf;
				ENABLE_STRICT_OBJC_MSGSEND = YES;
				ENABLE_TESTABILITY = YES;
				GCC_C_LANGUAGE_STANDARD = gnu11;
				GCC_DYNAMIC_NO_PIC = NO;
				GCC_NO_COMMON_BLOCKS = YES;
				GCC_OPTIMIZATION_LEVEL = 0;
				GCC_PREPROCESSOR_DEFINITIONS = (
					"DEBUG=1",
					"$(inherited)",
				);
				GCC_WARN_64_TO_32_BIT_CONVERSION = YES;
				GCC_WARN_ABOUT_RETURN_TYPE = YES_ERROR;
				GCC_WARN_UNDECLARED_SELECTOR = YES;
				GCC_WARN_UNINITIALIZED_AUTOS = YES_AGGRESSIVE;
				GCC_WARN_UNUSED_FUNCTION = YES;
				GCC_WARN_UNUSED_VARIABLE = YES;
				IPHONEOS_DEPLOYMENT_TARGET = 12.1;
				MTL_ENABLE_DEBUG_INFO = INCLUDE_SOURCE;
				MTL_FAST_MATH = YES;
				ONLY_ACTIVE_ARCH = YES;
				SDKROOT = iphoneos;
				SWIFT_ACTIVE_COMPILATION_CONDITIONS = DEBUG;
				SWIFT_OPTIMIZATION_LEVEL = "-Onone";
			};
			name = Debug;
		};
		C00D2FE222385A1600E72A56 /* Release */ = {
			isa = XCBuildConfiguration;
			buildSettings = {
				ALWAYS_SEARCH_USER_PATHS = NO;
				CLANG_ANALYZER_NONNULL = YES;
				CLANG_ANALYZER_NUMBER_OBJECT_CONVERSION = YES_AGGRESSIVE;
				CLANG_CXX_LANGUAGE_STANDARD = "gnu++14";
				CLANG_CXX_LIBRARY = "libc++";
				CLANG_ENABLE_MODULES = YES;
				CLANG_ENABLE_OBJC_ARC = YES;
				CLANG_ENABLE_OBJC_WEAK = YES;
				CLANG_WARN_BLOCK_CAPTURE_AUTORELEASING = YES;
				CLANG_WARN_BOOL_CONVERSION = YES;
				CLANG_WARN_COMMA = YES;
				CLANG_WARN_CONSTANT_CONVERSION = YES;
				CLANG_WARN_DEPRECATED_OBJC_IMPLEMENTATIONS = YES;
				CLANG_WARN_DIRECT_OBJC_ISA_USAGE = YES_ERROR;
				CLANG_WARN_DOCUMENTATION_COMMENTS = YES;
				CLANG_WARN_EMPTY_BODY = YES;
				CLANG_WARN_ENUM_CONVERSION = YES;
				CLANG_WARN_INFINITE_RECURSION = YES;
				CLANG_WARN_INT_CONVERSION = YES;
				CLANG_WARN_NON_LITERAL_NULL_CONVERSION = YES;
				CLANG_WARN_OBJC_IMPLICIT_RETAIN_SELF = YES;
				CLANG_WARN_OBJC_LITERAL_CONVERSION = YES;
				CLANG_WARN_OBJC_ROOT_CLASS = YES_ERROR;
				CLANG_WARN_RANGE_LOOP_ANALYSIS = YES;
				CLANG_WARN_STRICT_PROTOTYPES = YES;
				CLANG_WARN_SUSPICIOUS_MOVE = YES;
				CLANG_WARN_UNGUARDED_AVAILABILITY = YES_AGGRESSIVE;
				CLANG_WARN_UNREACHABLE_CODE = YES;
				CLANG_WARN__DUPLICATE_METHOD_MATCH = YES;
				CODE_SIGN_IDENTITY = "iPhone Developer";
				COPY_PHASE_STRIP = NO;
				DEBUG_INFORMATION_FORMAT = "dwarf-with-dsym";
				ENABLE_NS_ASSERTIONS = NO;
				ENABLE_STRICT_OBJC_MSGSEND = YES;
				GCC_C_LANGUAGE_STANDARD = gnu11;
				GCC_NO_COMMON_BLOCKS = YES;
				GCC_WARN_64_TO_32_BIT_CONVERSION = YES;
				GCC_WARN_ABOUT_RETURN_TYPE = YES_ERROR;
				GCC_WARN_UNDECLARED_SELECTOR = YES;
				GCC_WARN_UNINITIALIZED_AUTOS = YES_AGGRESSIVE;
				GCC_WARN_UNUSED_FUNCTION = YES;
				GCC_WARN_UNUSED_VARIABLE = YES;
				IPHONEOS_DEPLOYMENT_TARGET = 12.1;
				MTL_ENABLE_DEBUG_INFO = NO;
				MTL_FAST_MATH = YES;
				SDKROOT = iphoneos;
				SWIFT_COMPILATION_MODE = wholemodule;
				SWIFT_OPTIMIZATION_LEVEL = "-O";
				VALIDATE_PRODUCT = YES;
			};
			name = Release;
		};
		C00D2FE422385A1600E72A56 /* Debug */ = {
			isa = XCBuildConfiguration;
			buildSettings = {
				ASSETCATALOG_COMPILER_APPICON_NAME = AppIcon;
				CODE_SIGN_STYLE = Automatic;
				DEVELOPMENT_TEAM = CKXJJXL5F5;
				INFOPLIST_FILE = NeoAutoDetail/Info.plist;
				LD_RUNPATH_SEARCH_PATHS = (
					"$(inherited)",
					"@executable_path/Frameworks",
				);
				PRODUCT_BUNDLE_IDENTIFIER = com.orbis.NeoAutoDetail;
				PRODUCT_NAME = "$(TARGET_NAME)";
				SWIFT_VERSION = 4.2;
				TARGETED_DEVICE_FAMILY = "1,2";
			};
			name = Debug;
		};
		C00D2FE522385A1600E72A56 /* Release */ = {
			isa = XCBuildConfiguration;
			buildSettings = {
				ASSETCATALOG_COMPILER_APPICON_NAME = AppIcon;
				CODE_SIGN_STYLE = Automatic;
				DEVELOPMENT_TEAM = CKXJJXL5F5;
				INFOPLIST_FILE = NeoAutoDetail/Info.plist;
				LD_RUNPATH_SEARCH_PATHS = (
					"$(inherited)",
					"@executable_path/Frameworks",
				);
				PRODUCT_BUNDLE_IDENTIFIER = com.orbis.NeoAutoDetail;
				PRODUCT_NAME = "$(TARGET_NAME)";
				SWIFT_VERSION = 4.2;
				TARGETED_DEVICE_FAMILY = "1,2";
			};
			name = Release;
		};
/* End XCBuildConfiguration section */

/* Begin XCConfigurationList section */
		C00D2FCC22385A1200E72A56 /* Build configuration list for PBXProject "NeoAutoDetail" */ = {
			isa = XCConfigurationList;
			buildConfigurations = (
				C00D2FE122385A1600E72A56 /* Debug */,
				C00D2FE222385A1600E72A56 /* Release */,
			);
			defaultConfigurationIsVisible = 0;
			defaultConfigurationName = Release;
		};
		C00D2FE322385A1600E72A56 /* Build configuration list for PBXNativeTarget "NeoAutoDetail" */ = {
			isa = XCConfigurationList;
			buildConfigurations = (
				C00D2FE422385A1600E72A56 /* Debug */,
				C00D2FE522385A1600E72A56 /* Release */,
			);
			defaultConfigurationIsVisible = 0;
			defaultConfigurationName = Release;
		};
/* End XCConfigurationList section */
	};
	rootObject = C00D2FC922385A1200E72A56 /* Project object */;
}
